
Microsoft Visual Studio Solution File, Format Version 12.00
# Visual Studio Version 17
VisualStudioVersion = 17.1.32319.34
MinimumVisualStudioVersion = 10.0.40219.1
Project("{FAE04EC0-301F-11D3-BF4B-00C04F79EFBC}") = "mekashron.backend", "mekashron.backend\mekashron.backend.csproj", "{3CEA6B77-A8A0-48FA-9ED4-6F5C0DEFFF58}"
EndProject
Project("{E24C65DC-7377-472B-9ABA-BC803B73C61A}") = "mekashron.frontend", "mekashron.frontend\", "{1CCB5AC9-6A7C-4023-AFB8-F3AECEDA083F}"
	ProjectSection(WebsiteProperties) = preProject
		TargetFrameworkMoniker = ".NETFramework,Version%3Dv4.0"
		Debug.AspNetCompiler.VirtualPath = "/localhost_57458"
		Debug.AspNetCompiler.PhysicalPath = "mekashron.frontend\"
		Debug.AspNetCompiler.TargetPath = "PrecompiledWeb\localhost_57458\"
		Debug.AspNetCompiler.Updateable = "true"
		Debug.AspNetCompiler.ForceOverwrite = "true"
		Debug.AspNetCompiler.FixedNames = "false"
		Debug.AspNetCompiler.Debug = "True"
		Release.AspNetCompiler.VirtualPath = "/localhost_57458"
		Release.AspNetCompiler.PhysicalPath = "mekashron.frontend\"
		Release.AspNetCompiler.TargetPath = "PrecompiledWeb\localhost_57458\"
		Release.AspNetCompiler.Updateable = "true"
		Release.AspNetCompiler.ForceOverwrite = "true"
		Release.AspNetCompiler.FixedNames = "false"
		Release.AspNetCompiler.Debug = "False"
		VWDPort = "57458"
		SlnRelativePath = "mekashron.frontend\"
	EndProjectSection
EndProject
Global
	GlobalSection(SolutionConfigurationPlatforms) = preSolution
		Debug|Any CPU = Debug|Any CPU
		Release|Any CPU = Release|Any CPU
	EndGlobalSection
	GlobalSection(ProjectConfigurationPlatforms) = postSolution
		{3CEA6B77-A8A0-48FA-9ED4-6F5C0DEFFF58}.Debug|Any CPU.ActiveCfg = Debug|Any CPU
		{3CEA6B77-A8A0-48FA-9ED4-6F5C0DEFFF58}.Debug|Any CPU.Build.0 = Debug|Any CPU
		{3CEA6B77-A8A0-48FA-9ED4-6F5C0DEFFF58}.Release|Any CPU.ActiveCfg = Release|Any CPU
		{3CEA6B77-A8A0-48FA-9ED4-6F5C0DEFFF58}.Release|Any CPU.Build.0 = Release|Any CPU
		{1CCB5AC9-6A7C-4023-AFB8-F3AECEDA083F}.Debug|Any CPU.ActiveCfg = Debug|Any CPU
		{1CCB5AC9-6A7C-4023-AFB8-F3AECEDA083F}.Debug|Any CPU.Build.0 = Debug|Any CPU
		{1CCB5AC9-6A7C-4023-AFB8-F3AECEDA083F}.Release|Any CPU.ActiveCfg = Debug|Any CPU
		{1CCB5AC9-6A7C-4023-AFB8-F3AECEDA083F}.Release|Any CPU.Build.0 = Debug|Any CPU
	EndGlobalSection
	GlobalSection(SolutionProperties) = preSolution
		HideSolutionNode = FALSE
	EndGlobalSection
	GlobalSection(ExtensibilityGlobals) = postSolution
		SolutionGuid = {3934A7D3-2F45-4283-B23E-5419C2826247}
	EndGlobalSection
EndGlobal
